// !$*UTF8*$!
{
	archiveVersion = 1;
	classes = {
	};
	objectVersion = 56;
	objects = {

/* Begin PBXBuildFile section */
		AB1830762BA1F96B004A0259 /* Query_ResponseApp.swift in Sources */ = {isa = PBXBuildFile; fileRef = AB1830752BA1F96B004A0259 /* Query_ResponseApp.swift */; };
		AB1830782BA1F96B004A0259 /* GenderCheckerView.swift in Sources */ = {isa = PBXBuildFile; fileRef = AB1830772BA1F96B004A0259 /* GenderCheckerView.swift */; };
		AB18307A2BA1F96C004A0259 /* Assets.xcassets in Resources */ = {isa = PBXBuildFile; fileRef = AB1830792BA1F96C004A0259 /* Assets.xcassets */; };
		AB18307D2BA1F96C004A0259 /* Preview Assets.xcassets in Resources */ = {isa = PBXBuildFile; fileRef = AB18307C2BA1F96C004A0259 /* Preview Assets.xcassets */; };
		AB1D37002BA33404007F89D5 /* PersistenceController.swift in Sources */ = {isa = PBXBuildFile; fileRef = AB1D36FF2BA33404007F89D5 /* PersistenceController.swift */; };
		AB35999A2BA3CEFE00F0BD46 /* StorageCacheManager.swift in Sources */ = {isa = PBXBuildFile; fileRef = AB3599992BA3CEFE00F0BD46 /* StorageCacheManager.swift */; };
		AB3599A02BA428AE00F0BD46 /* CacheModel.xcdatamodeld in Sources */ = {isa = PBXBuildFile; fileRef = AB35999E2BA428AE00F0BD46 /* CacheModel.xcdatamodeld */; };
		AB3599C62BA4649E00F0BD46 /* GenderNetworkService.swift in Sources */ = {isa = PBXBuildFile; fileRef = AB3599C52BA4649E00F0BD46 /* GenderNetworkService.swift */; };
		AB5FD4C32BA2CAE5005ADDCD /* WebView.swift in Sources */ = {isa = PBXBuildFile; fileRef = AB5FD4C22BA2CAE5005ADDCD /* WebView.swift */; };
		AB5FD4C52BA2D9AD005ADDCD /* GenderModel.swift in Sources */ = {isa = PBXBuildFile; fileRef = AB5FD4C42BA2D9AD005ADDCD /* GenderModel.swift */; };
		AB5FD4C72BA2DA34005ADDCD /* GenderViewModel.swift in Sources */ = {isa = PBXBuildFile; fileRef = AB5FD4C62BA2DA33005ADDCD /* GenderViewModel.swift */; };
		AB886F0B2BA3019A0080A4A5 /* ScreenShotView.swift in Sources */ = {isa = PBXBuildFile; fileRef = AB886F0A2BA3019A0080A4A5 /* ScreenShotView.swift */; };
		ABF98F222BA49E24002F393B /* README.md in Resources */ = {isa = PBXBuildFile; fileRef = ABF98F212BA49E24002F393B /* README.md */; };
/* End PBXBuildFile section */

/* Begin PBXFileReference section */
		AB1830722BA1F96B004A0259 /* Query_Response.app */ = {isa = PBXFileReference; explicitFileType = wrapper.application; includeInIndex = 0; path = Query_Response.app; sourceTree = BUILT_PRODUCTS_DIR; };
		AB1830752BA1F96B004A0259 /* Query_ResponseApp.swift */ = {isa = PBXFileReference; lastKnownFileType = sourcecode.swift; path = Query_ResponseApp.swift; sourceTree = "<group>"; };
		AB1830772BA1F96B004A0259 /* GenderCheckerView.swift */ = {isa = PBXFileReference; lastKnownFileType = sourcecode.swift; path = GenderCheckerView.swift; sourceTree = "<group>"; };
		AB1830792BA1F96C004A0259 /* Assets.xcassets */ = {isa = PBXFileReference; lastKnownFileType = folder.assetcatalog; path = Assets.xcassets; sourceTree = "<group>"; };
		AB18307C2BA1F96C004A0259 /* Preview Assets.xcassets */ = {isa = PBXFileReference; lastKnownFileType = folder.assetcatalog; path = "Preview Assets.xcassets"; sourceTree = "<group>"; };
		AB1D36FF2BA33404007F89D5 /* PersistenceController.swift */ = {isa = PBXFileReference; lastKnownFileType = sourcecode.swift; path = PersistenceController.swift; sourceTree = "<group>"; };
		AB3599992BA3CEFE00F0BD46 /* StorageCacheManager.swift */ = {isa = PBXFileReference; lastKnownFileType = sourcecode.swift; path = StorageCacheManager.swift; sourceTree = "<group>"; };
		AB35999F2BA428AE00F0BD46 /* CacheModel.xcdatamodel */ = {isa = PBXFileReference; lastKnownFileType = wrapper.xcdatamodel; path = CacheModel.xcdatamodel; sourceTree = "<group>"; };
		AB3599C52BA4649E00F0BD46 /* GenderNetworkService.swift */ = {isa = PBXFileReference; lastKnownFileType = sourcecode.swift; path = GenderNetworkService.swift; sourceTree = "<group>"; };
		AB5FD4C22BA2CAE5005ADDCD /* WebView.swift */ = {isa = PBXFileReference; lastKnownFileType = sourcecode.swift; path = WebView.swift; sourceTree = "<group>"; };
		AB5FD4C42BA2D9AD005ADDCD /* GenderModel.swift */ = {isa = PBXFileReference; lastKnownFileType = sourcecode.swift; path = GenderModel.swift; sourceTree = "<group>"; };
		AB5FD4C62BA2DA33005ADDCD /* GenderViewModel.swift */ = {isa = PBXFileReference; lastKnownFileType = sourcecode.swift; path = GenderViewModel.swift; sourceTree = "<group>"; };
		AB886F0A2BA3019A0080A4A5 /* ScreenShotView.swift */ = {isa = PBXFileReference; lastKnownFileType = sourcecode.swift; path = ScreenShotView.swift; sourceTree = "<group>"; };
		ABF98F212BA49E24002F393B /* README.md */ = {isa = PBXFileReference; fileEncoding = 4; lastKnownFileType = net.daringfireball.markdown; path = README.md; sourceTree = "<group>"; };
/* End PBXFileReference section */

/* Begin PBXFrameworksBuildPhase section */
		AB18306F2BA1F96B004A0259 /* Frameworks */ = {
			isa = PBXFrameworksBuildPhase;
			buildActionMask = 2147483647;
			files = (
			);
			runOnlyForDeploymentPostprocessing = 0;
		};
/* End PBXFrameworksBuildPhase section */

/* Begin PBXGroup section */
		AB1830692BA1F96B004A0259 = {
			isa = PBXGroup;
			children = (
				AB1830742BA1F96B004A0259 /* Query_Response */,
				AB1830732BA1F96B004A0259 /* Products */,
			);
			sourceTree = "<group>";
		};
		AB1830732BA1F96B004A0259 /* Products */ = {
			isa = PBXGroup;
			children = (
				AB1830722BA1F96B004A0259 /* Query_Response.app */,
			);
			name = Products;
			sourceTree = "<group>";
		};
		AB1830742BA1F96B004A0259 /* Query_Response */ = {
			isa = PBXGroup;
			children = (
				AB35999B2BA3EE6C00F0BD46 /* Manager */,
				AB1D36FB2BA323F7007F89D5 /* Views */,
				AB3599972BA3CD5900F0BD46 /* ViewModels */,
				AB3599962BA3CD5000F0BD46 /* Model */,
				AB3599982BA3CD7E00F0BD46 /* PersistanceControl */,
				AB1830752BA1F96B004A0259 /* Query_ResponseApp.swift */,
				ABF98F212BA49E24002F393B /* README.md */,
				AB1830792BA1F96C004A0259 /* Assets.xcassets */,
				AB18307B2BA1F96C004A0259 /* Preview Content */,
			);
			path = Query_Response;
			sourceTree = "<group>";
		};
		AB18307B2BA1F96C004A0259 /* Preview Content */ = {
			isa = PBXGroup;
			children = (
				AB18307C2BA1F96C004A0259 /* Preview Assets.xcassets */,
			);
			path = "Preview Content";
			sourceTree = "<group>";
		};
		AB1D36FB2BA323F7007F89D5 /* Views */ = {
			isa = PBXGroup;
			children = (
				AB1830772BA1F96B004A0259 /* GenderCheckerView.swift */,
				AB5FD4C22BA2CAE5005ADDCD /* WebView.swift */,
				AB886F0A2BA3019A0080A4A5 /* ScreenShotView.swift */,
			);
			path = Views;
			sourceTree = "<group>";
		};
		AB3599962BA3CD5000F0BD46 /* Model */ = {
			isa = PBXGroup;
			children = (
				AB5FD4C42BA2D9AD005ADDCD /* GenderModel.swift */,
			);
			path = Model;
			sourceTree = "<group>";
		};
		AB3599972BA3CD5900F0BD46 /* ViewModels */ = {
			isa = PBXGroup;
			children = (
				AB5FD4C62BA2DA33005ADDCD /* GenderViewModel.swift */,
			);
			path = ViewModels;
			sourceTree = "<group>";
		};
		AB3599982BA3CD7E00F0BD46 /* PersistanceControl */ = {
			isa = PBXGroup;
			children = (
				AB1D36FF2BA33404007F89D5 /* PersistenceController.swift */,
				AB35999E2BA428AE00F0BD46 /* CacheModel.xcdatamodeld */,
			);
			path = PersistanceControl;
			sourceTree = "<group>";
		};
		AB35999B2BA3EE6C00F0BD46 /* Manager */ = {
			isa = PBXGroup;
			children = (
				AB3599992BA3CEFE00F0BD46 /* StorageCacheManager.swift */,
				AB3599C52BA4649E00F0BD46 /* GenderNetworkService.swift */,
			);
			path = Manager;
			sourceTree = "<group>";
		};
/* End PBXGroup section */

/* Begin PBXNativeTarget section */
		AB1830712BA1F96B004A0259 /* Query_Response */ = {
			isa = PBXNativeTarget;
			buildConfigurationList = AB1830802BA1F96C004A0259 /* Build configuration list for PBXNativeTarget "Query_Response" */;
			buildPhases = (
				AB18306E2BA1F96B004A0259 /* Sources */,
				AB18306F2BA1F96B004A0259 /* Frameworks */,
				AB1830702BA1F96B004A0259 /* Resources */,
			);
			buildRules = (
			);
			dependencies = (
			);
			name = Query_Response;
			productName = Query_Response;
			productReference = AB1830722BA1F96B004A0259 /* Query_Response.app */;
			productType = "com.apple.product-type.application";
		};
/* End PBXNativeTarget section */

/* Begin PBXProject section */
		AB18306A2BA1F96B004A0259 /* Project object */ = {
			isa = PBXProject;
			attributes = {
				BuildIndependentTargetsInParallel = 1;
				LastSwiftUpdateCheck = 1430;
				LastUpgradeCheck = 1430;
				TargetAttributes = {
					AB1830712BA1F96B004A0259 = {
						CreatedOnToolsVersion = 14.3.1;
					};
				};
			};
			buildConfigurationList = AB18306D2BA1F96B004A0259 /* Build configuration list for PBXProject "Query_Response" */;
			compatibilityVersion = "Xcode 14.0";
			developmentRegion = en;
			hasScannedForEncodings = 0;
			knownRegions = (
				en,
				Base,
			);
			mainGroup = AB1830692BA1F96B004A0259;
			productRefGroup = AB1830732BA1F96B004A0259 /* Products */;
			projectDirPath = "";
			projectRoot = "";
			targets = (
				AB1830712BA1F96B004A0259 /* Query_Response */,
			);
		};
/* End PBXProject section */

/* Begin PBXResourcesBuildPhase section */
		AB1830702BA1F96B004A0259 /* Resources */ = {
			isa = PBXResourcesBuildPhase;
			buildActionMask = 2147483647;
			files = (
				ABF98F222BA49E24002F393B /* README.md in Resources */,
				AB18307D2BA1F96C004A0259 /* Preview Assets.xcassets in Resources */,
				AB18307A2BA1F96C004A0259 /* Assets.xcassets in Resources */,
			);
			runOnlyForDeploymentPostprocessing = 0;
		};
/* End PBXResourcesBuildPhase section */

/* Begin PBXSourcesBuildPhase section */
		AB18306E2BA1F96B004A0259 /* Sources */ = {
			isa = PBXSourcesBuildPhase;
			buildActionMask = 2147483647;
			files = (
				AB3599C62BA4649E00F0BD46 /* GenderNetworkService.swift in Sources */,
				AB1D37002BA33404007F89D5 /* PersistenceController.swift in Sources */,
				AB3599A02BA428AE00F0BD46 /* CacheModel.xcdatamodeld in Sources */,
				AB1830782BA1F96B004A0259 /* GenderCheckerView.swift in Sources */,
				AB5FD4C32BA2CAE5005ADDCD /* WebView.swift in Sources */,
				AB886F0B2BA3019A0080A4A5 /* ScreenShotView.swift in Sources */,
				AB1830762BA1F96B004A0259 /* Query_ResponseApp.swift in Sources */,
				AB35999A2BA3CEFE00F0BD46 /* StorageCacheManager.swift in Sources */,
				AB5FD4C72BA2DA34005ADDCD /* GenderViewModel.swift in Sources */,
				AB5FD4C52BA2D9AD005ADDCD /* GenderModel.swift in Sources */,
			);
			runOnlyForDeploymentPostprocessing = 0;
		};
/* End PBXSourcesBuildPhase section */

/* Begin XCBuildConfiguration section */
		AB18307E2BA1F96C004A0259 /* Debug */ = {
			isa = XCBuildConfiguration;
			buildSettings = {
				ALWAYS_SEARCH_USER_PATHS = NO;
				CLANG_ANALYZER_NONNULL = YES;
				CLANG_ANALYZER_NUMBER_OBJECT_CONVERSION = YES_AGGRESSIVE;
				CLANG_CXX_LANGUAGE_STANDARD = "gnu++20";
				CLANG_ENABLE_MODULES = YES;
				CLANG_ENABLE_OBJC_ARC = YES;
				CLANG_ENABLE_OBJC_WEAK = YES;
				CLANG_WARN_BLOCK_CAPTURE_AUTORELEASING = YES;
				CLANG_WARN_BOOL_CONVERSION = YES;
				CLANG_WARN_COMMA = YES;
				CLANG_WARN_CONSTANT_CONVERSION = YES;
				CLANG_WARN_DEPRECATED_OBJC_IMPLEMENTATIONS = YES;
				CLANG_WARN_DIRECT_OBJC_ISA_USAGE = YES_ERROR;
				CLANG_WARN_DOCUMENTATION_COMMENTS = YES;
				CLANG_WARN_EMPTY_BODY = YES;
				CLANG_WARN_ENUM_CONVERSION = YES;
				CLANG_WARN_INFINITE_RECURSION = YES;
				CLANG_WARN_INT_CONVERSION = YES;
				CLANG_WARN_NON_LITERAL_NULL_CONVERSION = YES;
				CLANG_WARN_OBJC_IMPLICIT_RETAIN_SELF = YES;
				CLANG_WARN_OBJC_LITERAL_CONVERSION = YES;
				CLANG_WARN_OBJC_ROOT_CLASS = YES_ERROR;
				CLANG_WARN_QUOTED_INCLUDE_IN_FRAMEWORK_HEADER = YES;
				CLANG_WARN_RANGE_LOOP_ANALYSIS = YES;
				CLANG_WARN_STRICT_PROTOTYPES = YES;
				CLANG_WARN_SUSPICIOUS_MOVE = YES;
				CLANG_WARN_UNGUARDED_AVAILABILITY = YES_AGGRESSIVE;
				CLANG_WARN_UNREACHABLE_CODE = YES;
				CLANG_WARN__DUPLICATE_METHOD_MATCH = YES;
				COPY_PHASE_STRIP = NO;
				DEBUG_INFORMATION_FORMAT = dwarf;
				ENABLE_STRICT_OBJC_MSGSEND = YES;
				ENABLE_TESTABILITY = YES;
				GCC_C_LANGUAGE_STANDARD = gnu11;
				GCC_DYNAMIC_NO_PIC = NO;
				GCC_NO_COMMON_BLOCKS = YES;
				GCC_OPTIMIZATION_LEVEL = 0;
				GCC_PREPROCESSOR_DEFINITIONS = (
					"DEBUG=1",
					"$(inherited)",
				);
				GCC_WARN_64_TO_32_BIT_CONVERSION = YES;
				GCC_WARN_ABOUT_RETURN_TYPE = YES_ERROR;
				GCC_WARN_UNDECLARED_SELECTOR = YES;
				GCC_WARN_UNINITIALIZED_AUTOS = YES_AGGRESSIVE;
				GCC_WARN_UNUSED_FUNCTION = YES;
				GCC_WARN_UNUSED_VARIABLE = YES;
				IPHONEOS_DEPLOYMENT_TARGET = 16.4;
				MTL_ENABLE_DEBUG_INFO = INCLUDE_SOURCE;
				MTL_FAST_MATH = YES;
				ONLY_ACTIVE_ARCH = YES;
				SDKROOT = iphoneos;
				SWIFT_ACTIVE_COMPILATION_CONDITIONS = DEBUG;
				SWIFT_OPTIMIZATION_LEVEL = "-Onone";
			};
			name = Debug;
		};
		AB18307F2BA1F96C004A0259 /* Release */ = {
			isa = XCBuildConfiguration;
			buildSettings = {
				ALWAYS_SEARCH_USER_PATHS = NO;
				CLANG_ANALYZER_NONNULL = YES;
				CLANG_ANALYZER_NUMBER_OBJECT_CONVERSION = YES_AGGRESSIVE;
				CLANG_CXX_LANGUAGE_STANDARD = "gnu++20";
				CLANG_ENABLE_MODULES = YES;
				CLANG_ENABLE_OBJC_ARC = YES;
				CLANG_ENABLE_OBJC_WEAK = YES;
				CLANG_WARN_BLOCK_CAPTURE_AUTORELEASING = YES;
				CLANG_WARN_BOOL_CONVERSION = YES;
				CLANG_WARN_COMMA = YES;
				CLANG_WARN_CONSTANT_CONVERSION = YES;
				CLANG_WARN_DEPRECATED_OBJC_IMPLEMENTATIONS = YES;
				CLANG_WARN_DIRECT_OBJC_ISA_USAGE = YES_ERROR;
				CLANG_WARN_DOCUMENTATION_COMMENTS = YES;
				CLANG_WARN_EMPTY_BODY = YES;
				CLANG_WARN_ENUM_CONVERSION = YES;
				CLANG_WARN_INFINITE_RECURSION = YES;
				CLANG_WARN_INT_CONVERSION = YES;
				CLANG_WARN_NON_LITERAL_NULL_CONVERSION = YES;
				CLANG_WARN_OBJC_IMPLICIT_RETAIN_SELF = YES;
				CLANG_WARN_OBJC_LITERAL_CONVERSION = YES;
				CLANG_WARN_OBJC_ROOT_CLASS = YES_ERROR;
				CLANG_WARN_QUOTED_INCLUDE_IN_FRAMEWORK_HEADER = YES;
				CLANG_WARN_RANGE_LOOP_ANALYSIS = YES;
				CLANG_WARN_STRICT_PROTOTYPES = YES;
				CLANG_WARN_SUSPICIOUS_MOVE = YES;
				CLANG_WARN_UNGUARDED_AVAILABILITY = YES_AGGRESSIVE;
				CLANG_WARN_UNREACHABLE_CODE = YES;
				CLANG_WARN__DUPLICATE_METHOD_MATCH = YES;
				COPY_PHASE_STRIP = NO;
				DEBUG_INFORMATION_FORMAT = "dwarf-with-dsym";
				ENABLE_NS_ASSERTIONS = NO;
				ENABLE_STRICT_OBJC_MSGSEND = YES;
				GCC_C_LANGUAGE_STANDARD = gnu11;
				GCC_NO_COMMON_BLOCKS = YES;
				GCC_WARN_64_TO_32_BIT_CONVERSION = YES;
				GCC_WARN_ABOUT_RETURN_TYPE = YES_ERROR;
				GCC_WARN_UNDECLARED_SELECTOR = YES;
				GCC_WARN_UNINITIALIZED_AUTOS = YES_AGGRESSIVE;
				GCC_WARN_UNUSED_FUNCTION = YES;
				GCC_WARN_UNUSED_VARIABLE = YES;
				IPHONEOS_DEPLOYMENT_TARGET = 16.4;
				MTL_ENABLE_DEBUG_INFO = NO;
				MTL_FAST_MATH = YES;
				SDKROOT = iphoneos;
				SWIFT_COMPILATION_MODE = wholemodule;
				SWIFT_OPTIMIZATION_LEVEL = "-O";
				VALIDATE_PRODUCT = YES;
			};
			name = Release;
		};
		AB1830812BA1F96C004A0259 /* Debug */ = {
			isa = XCBuildConfiguration;
			buildSettings = {
				ASSETCATALOG_COMPILER_APPICON_NAME = AppIcon;
				ASSETCATALOG_COMPILER_GLOBAL_ACCENT_COLOR_NAME = AccentColor;
				CODE_SIGN_STYLE = Automatic;
				CURRENT_PROJECT_VERSION = 1;
				DEVELOPMENT_ASSET_PATHS = "\"Query_Response/Preview Content\"";
				DEVELOPMENT_TEAM = "";
				ENABLE_PREVIEWS = YES;
				GENERATE_INFOPLIST_FILE = YES;
				INFOPLIST_KEY_UIApplicationSceneManifest_Generation = YES;
				INFOPLIST_KEY_UIApplicationSupportsIndirectInputEvents = YES;
				INFOPLIST_KEY_UILaunchScreen_Generation = YES;
				INFOPLIST_KEY_UISupportedInterfaceOrientations_iPad = "UIInterfaceOrientationPortrait UIInterfaceOrientationPortraitUpsideDown UIInterfaceOrientationLandscapeLeft UIInterfaceOrientationLandscapeRight";
				INFOPLIST_KEY_UISupportedInterfaceOrientations_iPhone = "UIInterfaceOrientationPortrait UIInterfaceOrientationLandscapeLeft UIInterfaceOrientationLandscapeRight";
				IPHONEOS_DEPLOYMENT_TARGET = 16.4;
				LD_RUNPATH_SEARCH_PATHS = (
					"$(inherited)",
					"@executable_path/Frameworks",
				);
				MARKETING_VERSION = 1.0;
				PRODUCT_BUNDLE_IDENTIFIER = com.testapp;
				PRODUCT_NAME = "$(TARGET_NAME)";
				SWIFT_EMIT_LOC_STRINGS = YES;
				SWIFT_VERSION = 5.0;
				TARGETED_DEVICE_FAMILY = "1,2";
			};
			name = Debug;
		};
		AB1830822BA1F96C004A0259 /* Release */ = {
			isa = XCBuildConfiguration;
			buildSettings = {
				ASSETCATALOG_COMPILER_APPICON_NAME = AppIcon;
				ASSETCATALOG_COMPILER_GLOBAL_ACCENT_COLOR_NAME = AccentColor;
				CODE_SIGN_STYLE = Automatic;
				CURRENT_PROJECT_VERSION = 1;
				DEVELOPMENT_ASSET_PATHS = "\"Query_Response/Preview Content\"";
				DEVELOPMENT_TEAM = 4DX4B9R4U3;
				ENABLE_PREVIEWS = YES;
				GENERATE_INFOPLIST_FILE = YES;
				INFOPLIST_KEY_UIApplicationSceneManifest_Generation = YES;
				INFOPLIST_KEY_UIApplicationSupportsIndirectInputEvents = YES;
				INFOPLIST_KEY_UILaunchScreen_Generation = YES;
				INFOPLIST_KEY_UISupportedInterfaceOrientations_iPad = "UIInterfaceOrientationPortrait UIInterfaceOrientationPortraitUpsideDown UIInterfaceOrientationLandscapeLeft UIInterfaceOrientationLandscapeRight";
				INFOPLIST_KEY_UISupportedInterfaceOrientations_iPhone = "UIInterfaceOrientationPortrait UIInterfaceOrientationLandscapeLeft UIInterfaceOrientationLandscapeRight";
				IPHONEOS_DEPLOYMENT_TARGET = 16.4;
				LD_RUNPATH_SEARCH_PATHS = (
					"$(inherited)",
					"@executable_path/Frameworks",
				);
				MARKETING_VERSION = 1.0;
				PRODUCT_BUNDLE_IDENTIFIER = com.i2cinc.testa;
				PRODUCT_NAME = "$(TARGET_NAME)";
				SWIFT_EMIT_LOC_STRINGS = YES;
				SWIFT_VERSION = 5.0;
				TARGETED_DEVICE_FAMILY = "1,2";
			};
			name = Release;
		};
/* End XCBuildConfiguration section */

/* Begin XCConfigurationList section */
		AB18306D2BA1F96B004A0259 /* Build configuration list for PBXProject "Query_Response" */ = {
			isa = XCConfigurationList;
			buildConfigurations = (
				AB18307E2BA1F96C004A0259 /* Debug */,
				AB18307F2BA1F96C004A0259 /* Release */,
			);
			defaultConfigurationIsVisible = 0;
			defaultConfigurationName = Release;
		};
		AB1830802BA1F96C004A0259 /* Build configuration list for PBXNativeTarget "Query_Response" */ = {
			isa = XCConfigurationList;
			buildConfigurations = (
				AB1830812BA1F96C004A0259 /* Debug */,
				AB1830822BA1F96C004A0259 /* Release */,
			);
			defaultConfigurationIsVisible = 0;
			defaultConfigurationName = Release;
		};
/* End XCConfigurationList section */

/* Begin XCVersionGroup section */
		AB35999E2BA428AE00F0BD46 /* CacheModel.xcdatamodeld */ = {
			isa = XCVersionGroup;
			children = (
				AB35999F2BA428AE00F0BD46 /* CacheModel.xcdatamodel */,
			);
			currentVersion = AB35999F2BA428AE00F0BD46 /* CacheModel.xcdatamodel */;
			path = CacheModel.xcdatamodeld;
			sourceTree = "<group>";
			versionGroupType = wrapper.xcdatamodel;
		};
/* End XCVersionGroup section */
	};
	rootObject = AB18306A2BA1F96B004A0259 /* Project object */;
}
